// !$*UTF8*$!
{
	archiveVersion = 1;
	classes = {
	};
	objectVersion = 50;
	objects = {

/* Begin PBXBuildFile section */
		180A0301227B60AA00DC2FA4 /* main.cpp in Sources */ = {isa = PBXBuildFile; fileRef = 180A02FF227B60AA00DC2FA4 /* main.cpp */; };
		180A0304227B60C700DC2FA4 /* Shader.cpp in Sources */ = {isa = PBXBuildFile; fileRef = 180A0302227B60C700DC2FA4 /* Shader.cpp */; };
		1857111D225BBF6A005FBF02 /* Cocoa.framework in Frameworks */ = {isa = PBXBuildFile; fileRef = 1857111C225BBF6A005FBF02 /* Cocoa.framework */; };
		1857111F225BBF78005FBF02 /* OpenGL.framework in Frameworks */ = {isa = PBXBuildFile; fileRef = 1857111E225BBF78005FBF02 /* OpenGL.framework */; };
		18571121225BBF7F005FBF02 /* GLUT.framework in Frameworks */ = {isa = PBXBuildFile; fileRef = 18571120225BBF7F005FBF02 /* GLUT.framework */; };
		18571123225BBF86005FBF02 /* CoreAudio.framework in Frameworks */ = {isa = PBXBuildFile; fileRef = 18571122225BBF86005FBF02 /* CoreAudio.framework */; };
		18571125225BBF8F005FBF02 /* IOKit.framework in Frameworks */ = {isa = PBXBuildFile; fileRef = 18571124225BBF8F005FBF02 /* IOKit.framework */; };
		18571127225BBFB1005FBF02 /* libGLEW.2.1.0.dylib in Frameworks */ = {isa = PBXBuildFile; fileRef = 18571126225BBFB1005FBF02 /* libGLEW.2.1.0.dylib */; };
		18571129225BBFC1005FBF02 /* libglfw.3.2.dylib in Frameworks */ = {isa = PBXBuildFile; fileRef = 18571128225BBFC1005FBF02 /* libglfw.3.2.dylib */; };
		1857112B225BC150005FBF02 /* Foundation.framework in Frameworks */ = {isa = PBXBuildFile; fileRef = 1857112A225BC150005FBF02 /* Foundation.framework */; };
		1857112E225BC4DF005FBF02 /* glad.c in Sources */ = {isa = PBXBuildFile; fileRef = 1857112D225BC4DF005FBF02 /* glad.c */; };
		18F32BB62280744200E93C4B /* glm in Frameworks */ = {isa = PBXBuildFile; fileRef = 18F32BB52280744200E93C4B /* glm */; };
/* End PBXBuildFile section */

/* Begin PBXCopyFilesBuildPhase section */
		1857110F225BBE92005FBF02 /* CopyFiles */ = {
			isa = PBXCopyFilesBuildPhase;
			buildActionMask = 2147483647;
			dstPath = /usr/share/man/man1/;
			dstSubfolderSpec = 0;
			files = (
			);
			runOnlyForDeploymentPostprocessing = 1;
		};
/* End PBXCopyFilesBuildPhase section */

/* Begin PBXFileReference section */
		180A02FA227B521300DC2FA4 /* vertexSource.txt */ = {isa = PBXFileReference; lastKnownFileType = text; path = vertexSource.txt; sourceTree = "<group>"; };
		180A02FB227B523B00DC2FA4 /* fragmentSource.txt */ = {isa = PBXFileReference; lastKnownFileType = text; path = fragmentSource.txt; sourceTree = "<group>"; };
		180A02FF227B60AA00DC2FA4 /* main.cpp */ = {isa = PBXFileReference; lastKnownFileType = sourcecode.cpp.cpp; path = main.cpp; sourceTree = SOURCE_ROOT; };
		180A0302227B60C700DC2FA4 /* Shader.cpp */ = {isa = PBXFileReference; lastKnownFileType = sourcecode.cpp.cpp; path = Shader.cpp; sourceTree = SOURCE_ROOT; };
		180A0303227B60C700DC2FA4 /* Shader.hpp */ = {isa = PBXFileReference; lastKnownFileType = sourcecode.cpp.h; path = Shader.hpp; sourceTree = SOURCE_ROOT; };
		18571111225BBE92005FBF02 /* OpenGLtest1 */ = {isa = PBXFileReference; explicitFileType = "compiled.mach-o.executable"; includeInIndex = 0; path = OpenGLtest1; sourceTree = BUILT_PRODUCTS_DIR; };
		1857111C225BBF6A005FBF02 /* Cocoa.framework */ = {isa = PBXFileReference; lastKnownFileType = wrapper.framework; name = Cocoa.framework; path = System/Library/Frameworks/Cocoa.framework; sourceTree = SDKROOT; };
		1857111E225BBF78005FBF02 /* OpenGL.framework */ = {isa = PBXFileReference; lastKnownFileType = wrapper.framework; name = OpenGL.framework; path = System/Library/Frameworks/OpenGL.framework; sourceTree = SDKROOT; };
		18571120225BBF7F005FBF02 /* GLUT.framework */ = {isa = PBXFileReference; lastKnownFileType = wrapper.framework; name = GLUT.framework; path = System/Library/Frameworks/GLUT.framework; sourceTree = SDKROOT; };
		18571122225BBF86005FBF02 /* CoreAudio.framework */ = {isa = PBXFileReference; lastKnownFileType = wrapper.framework; name = CoreAudio.framework; path = System/Library/Frameworks/CoreAudio.framework; sourceTree = SDKROOT; };
		18571124225BBF8F005FBF02 /* IOKit.framework */ = {isa = PBXFileReference; lastKnownFileType = wrapper.framework; name = IOKit.framework; path = System/Library/Frameworks/IOKit.framework; sourceTree = SDKROOT; };
		18571126225BBFB1005FBF02 /* libGLEW.2.1.0.dylib */ = {isa = PBXFileReference; lastKnownFileType = "compiled.mach-o.dylib"; name = libGLEW.2.1.0.dylib; path = ../../usr/local/Cellar/glew/2.1.0/lib/libGLEW.2.1.0.dylib; sourceTree = "<group>"; };
		18571128225BBFC1005FBF02 /* libglfw.3.2.dylib */ = {isa = PBXFileReference; lastKnownFileType = "compiled.mach-o.dylib"; name = libglfw.3.2.dylib; path = ../../usr/local/Cellar/glfw/3.2.1/lib/libglfw.3.2.dylib; sourceTree = "<group>"; };
		1857112A225BC150005FBF02 /* Foundation.framework */ = {isa = PBXFileReference; lastKnownFileType = wrapper.framework; name = Foundation.framework; path = System/Library/Frameworks/Foundation.framework; sourceTree = SDKROOT; };
		1857112C225BC484005FBF02 /* glad.h */ = {isa = PBXFileReference; lastKnownFileType = sourcecode.c.h; name = glad.h; path = "../../../ogldev-source/Include/glad/glad.h"; sourceTree = "<group>"; };
		1857112D225BC4DF005FBF02 /* glad.c */ = {isa = PBXFileReference; fileEncoding = 4; lastKnownFileType = sourcecode.c.c; name = glad.c; path = "../../../Users/apple/Downloads/glad (2)/src/glad.c"; sourceTree = "<group>"; };
		18D17C64227D735800F7FEE9 /* container.jpg */ = {isa = PBXFileReference; lastKnownFileType = image.jpeg; path = container.jpg; sourceTree = "<group>"; };
		18DE9B59227C557500A22804 /* stb_image.h */ = {isa = PBXFileReference; lastKnownFileType = sourcecode.c.h; path = stb_image.h; sourceTree = SOURCE_ROOT; };
		18F32BB52280744200E93C4B /* glm */ = {isa = PBXFileReference; lastKnownFileType = folder; path = glm; sourceTree = "<group>"; };
		18F32BB7228093B800E93C4B /* im.png */ = {isa = PBXFileReference; lastKnownFileType = image.png; path = im.png; sourceTree = "<group>"; };
/* End PBXFileReference section */

/* Begin PBXFrameworksBuildPhase section */
		1857110E225BBE92005FBF02 /* Frameworks */ = {
			isa = PBXFrameworksBuildPhase;
			buildActionMask = 2147483647;
			files = (
				18F32BB62280744200E93C4B /* glm in Frameworks */,
				1857112B225BC150005FBF02 /* Foundation.framework in Frameworks */,
				18571129225BBFC1005FBF02 /* libglfw.3.2.dylib in Frameworks */,
				18571127225BBFB1005FBF02 /* libGLEW.2.1.0.dylib in Frameworks */,
				18571125225BBF8F005FBF02 /* IOKit.framework in Frameworks */,
				18571123225BBF86005FBF02 /* CoreAudio.framework in Frameworks */,
				18571121225BBF7F005FBF02 /* GLUT.framework in Frameworks */,
				1857111F225BBF78005FBF02 /* OpenGL.framework in Frameworks */,
				1857111D225BBF6A005FBF02 /* Cocoa.framework in Frameworks */,
			);
			runOnlyForDeploymentPostprocessing = 0;
		};
/* End PBXFrameworksBuildPhase section */

/* Begin PBXGroup section */
		18571108225BBE92005FBF02 = {
			isa = PBXGroup;
			children = (
				18D17C64227D735800F7FEE9 /* container.jpg */,
				18F32BB7228093B800E93C4B /* im.png */,
				180A02FB227B523B00DC2FA4 /* fragmentSource.txt */,
				180A02FA227B521300DC2FA4 /* vertexSource.txt */,
				18571113225BBE92005FBF02 /* OpenGLtest1 */,
				18571112225BBE92005FBF02 /* Products */,
				1857111B225BBF6A005FBF02 /* Frameworks */,
			);
			sourceTree = "<group>";
		};
		18571112225BBE92005FBF02 /* Products */ = {
			isa = PBXGroup;
			children = (
				18571111225BBE92005FBF02 /* OpenGLtest1 */,
			);
			name = Products;
			sourceTree = "<group>";
		};
		18571113225BBE92005FBF02 /* OpenGLtest1 */ = {
			isa = PBXGroup;
			children = (
				180A02FF227B60AA00DC2FA4 /* main.cpp */,
				180A0303227B60C700DC2FA4 /* Shader.hpp */,
				180A0302227B60C700DC2FA4 /* Shader.cpp */,
				18DE9B59227C557500A22804 /* stb_image.h */,
				1857112D225BC4DF005FBF02 /* glad.c */,
				1857112C225BC484005FBF02 /* glad.h */,
			);
			path = OpenGLtest1;
			sourceTree = "<group>";
		};
		1857111B225BBF6A005FBF02 /* Frameworks */ = {
			isa = PBXGroup;
			children = (
				18F32BB52280744200E93C4B /* glm */,
				1857112A225BC150005FBF02 /* Foundation.framework */,
				18571128225BBFC1005FBF02 /* libglfw.3.2.dylib */,
				18571126225BBFB1005FBF02 /* libGLEW.2.1.0.dylib */,
				18571124225BBF8F005FBF02 /* IOKit.framework */,
				18571122225BBF86005FBF02 /* CoreAudio.framework */,
				18571120225BBF7F005FBF02 /* GLUT.framework */,
				1857111E225BBF78005FBF02 /* OpenGL.framework */,
				1857111C225BBF6A005FBF02 /* Cocoa.framework */,
			);
			name = Frameworks;
			sourceTree = "<group>";
		};
/* End PBXGroup section */

/* Begin PBXNativeTarget section */
		18571110225BBE92005FBF02 /* OpenGLtest1 */ = {
			isa = PBXNativeTarget;
			buildConfigurationList = 18571118225BBE92005FBF02 /* Build configuration list for PBXNativeTarget "OpenGLtest1" */;
			buildPhases = (
				1857110D225BBE92005FBF02 /* Sources */,
				1857110E225BBE92005FBF02 /* Frameworks */,
				1857110F225BBE92005FBF02 /* CopyFiles */,
			);
			buildRules = (
			);
			dependencies = (
			);
			name = OpenGLtest1;
			productName = OpenGLtest1;
			productReference = 18571111225BBE92005FBF02 /* OpenGLtest1 */;
			productType = "com.apple.product-type.tool";
		};
/* End PBXNativeTarget section */

/* Begin PBXProject section */
		18571109225BBE92005FBF02 /* Project object */ = {
			isa = PBXProject;
			attributes = {
				LastUpgradeCheck = 1010;
				ORGANIZATIONNAME = apple;
				TargetAttributes = {
					18571110225BBE92005FBF02 = {
						CreatedOnToolsVersion = 10.1;
					};
				};
			};
			buildConfigurationList = 1857110C225BBE92005FBF02 /* Build configuration list for PBXProject "OpenGLtest1" */;
			compatibilityVersion = "Xcode 9.3";
			developmentRegion = en;
			hasScannedForEncodings = 0;
			knownRegions = (
				en,
			);
			mainGroup = 18571108225BBE92005FBF02;
			productRefGroup = 18571112225BBE92005FBF02 /* Products */;
			projectDirPath = "";
			projectRoot = "";
			targets = (
				18571110225BBE92005FBF02 /* OpenGLtest1 */,
			);
		};
/* End PBXProject section */

/* Begin PBXSourcesBuildPhase section */
		1857110D225BBE92005FBF02 /* Sources */ = {
			isa = PBXSourcesBuildPhase;
			buildActionMask = 2147483647;
			files = (
				180A0301227B60AA00DC2FA4 /* main.cpp in Sources */,
				180A0304227B60C700DC2FA4 /* Shader.cpp in Sources */,
				1857112E225BC4DF005FBF02 /* glad.c in Sources */,
			);
			runOnlyForDeploymentPostprocessing = 0;
		};
/* End PBXSourcesBuildPhase section */

/* Begin XCBuildConfiguration section */
		18571116225BBE92005FBF02 /* Debug */ = {
			isa = XCBuildConfiguration;
			buildSettings = {
				ALWAYS_SEARCH_USER_PATHS = NO;
				CLANG_ANALYZER_NONNULL = YES;
				CLANG_ANALYZER_NUMBER_OBJECT_CONVERSION = YES_AGGRESSIVE;
				CLANG_CXX_LANGUAGE_STANDARD = "gnu++14";
				CLANG_CXX_LIBRARY = "libc++";
				CLANG_ENABLE_MODULES = YES;
				CLANG_ENABLE_OBJC_ARC = YES;
				CLANG_ENABLE_OBJC_WEAK = YES;
				CLANG_WARN_BLOCK_CAPTURE_AUTORELEASING = YES;
				CLANG_WARN_BOOL_CONVERSION = YES;
				CLANG_WARN_COMMA = YES;
				CLANG_WARN_CONSTANT_CONVERSION = YES;
				CLANG_WARN_DEPRECATED_OBJC_IMPLEMENTATIONS = YES;
				CLANG_WARN_DIRECT_OBJC_ISA_USAGE = YES_ERROR;
				CLANG_WARN_DOCUMENTATION_COMMENTS = YES;
				CLANG_WARN_EMPTY_BODY = YES;
				CLANG_WARN_ENUM_CONVERSION = YES;
				CLANG_WARN_INFINITE_RECURSION = YES;
				CLANG_WARN_INT_CONVERSION = YES;
				CLANG_WARN_NON_LITERAL_NULL_CONVERSION = YES;
				CLANG_WARN_OBJC_IMPLICIT_RETAIN_SELF = YES;
				CLANG_WARN_OBJC_LITERAL_CONVERSION = YES;
				CLANG_WARN_OBJC_ROOT_CLASS = YES_ERROR;
				CLANG_WARN_RANGE_LOOP_ANALYSIS = YES;
				CLANG_WARN_STRICT_PROTOTYPES = YES;
				CLANG_WARN_SUSPICIOUS_MOVE = YES;
				CLANG_WARN_UNGUARDED_AVAILABILITY = YES_AGGRESSIVE;
				CLANG_WARN_UNREACHABLE_CODE = YES;
				CLANG_WARN__DUPLICATE_METHOD_MATCH = YES;
				CODE_SIGN_IDENTITY = "Mac Developer";
				COPY_PHASE_STRIP = NO;
				DEBUG_INFORMATION_FORMAT = dwarf;
				ENABLE_STRICT_OBJC_MSGSEND = YES;
				ENABLE_TESTABILITY = YES;
				GCC_C_LANGUAGE_STANDARD = gnu11;
				GCC_DYNAMIC_NO_PIC = NO;
				GCC_NO_COMMON_BLOCKS = YES;
				GCC_OPTIMIZATION_LEVEL = 0;
				GCC_PREPROCESSOR_DEFINITIONS = (
					"DEBUG=1",
					"$(inherited)",
				);
				GCC_WARN_64_TO_32_BIT_CONVERSION = YES;
				GCC_WARN_ABOUT_RETURN_TYPE = YES_ERROR;
				GCC_WARN_UNDECLARED_SELECTOR = YES;
				GCC_WARN_UNINITIALIZED_AUTOS = YES_AGGRESSIVE;
				GCC_WARN_UNUSED_FUNCTION = YES;
				GCC_WARN_UNUSED_VARIABLE = YES;
				MACOSX_DEPLOYMENT_TARGET = 10.14;
				MTL_ENABLE_DEBUG_INFO = INCLUDE_SOURCE;
				MTL_FAST_MATH = YES;
				ONLY_ACTIVE_ARCH = YES;
				SDKROOT = macosx;
			};
			name = Debug;
		};
		18571117225BBE92005FBF02 /* Release */ = {
			isa = XCBuildConfiguration;
			buildSettings = {
				ALWAYS_SEARCH_USER_PATHS = NO;
				CLANG_ANALYZER_NONNULL = YES;
				CLANG_ANALYZER_NUMBER_OBJECT_CONVERSION = YES_AGGRESSIVE;
				CLANG_CXX_LANGUAGE_STANDARD = "gnu++14";
				CLANG_CXX_LIBRARY = "libc++";
				CLANG_ENABLE_MODULES = YES;
				CLANG_ENABLE_OBJC_ARC = YES;
				CLANG_ENABLE_OBJC_WEAK = YES;
				CLANG_WARN_BLOCK_CAPTURE_AUTORELEASING = YES;
				CLANG_WARN_BOOL_CONVERSION = YES;
				CLANG_WARN_COMMA = YES;
				CLANG_WARN_CONSTANT_CONVERSION = YES;
				CLANG_WARN_DEPRECATED_OBJC_IMPLEMENTATIONS = YES;
				CLANG_WARN_DIRECT_OBJC_ISA_USAGE = YES_ERROR;
				CLANG_WARN_DOCUMENTATION_COMMENTS = YES;
				CLANG_WARN_EMPTY_BODY = YES;
				CLANG_WARN_ENUM_CONVERSION = YES;
				CLANG_WARN_INFINITE_RECURSION = YES;
				CLANG_WARN_INT_CONVERSION = YES;
				CLANG_WARN_NON_LITERAL_NULL_CONVERSION = YES;
				CLANG_WARN_OBJC_IMPLICIT_RETAIN_SELF = YES;
				CLANG_WARN_OBJC_LITERAL_CONVERSION = YES;
				CLANG_WARN_OBJC_ROOT_CLASS = YES_ERROR;
				CLANG_WARN_RANGE_LOOP_ANALYSIS = YES;
				CLANG_WARN_STRICT_PROTOTYPES = YES;
				CLANG_WARN_SUSPICIOUS_MOVE = YES;
				CLANG_WARN_UNGUARDED_AVAILABILITY = YES_AGGRESSIVE;
				CLANG_WARN_UNREACHABLE_CODE = YES;
				CLANG_WARN__DUPLICATE_METHOD_MATCH = YES;
				CODE_SIGN_IDENTITY = "Mac Developer";
				COPY_PHASE_STRIP = NO;
				DEBUG_INFORMATION_FORMAT = "dwarf-with-dsym";
				ENABLE_NS_ASSERTIONS = NO;
				ENABLE_STRICT_OBJC_MSGSEND = YES;
				GCC_C_LANGUAGE_STANDARD = gnu11;
				GCC_NO_COMMON_BLOCKS = YES;
				GCC_WARN_64_TO_32_BIT_CONVERSION = YES;
				GCC_WARN_ABOUT_RETURN_TYPE = YES_ERROR;
				GCC_WARN_UNDECLARED_SELECTOR = YES;
				GCC_WARN_UNINITIALIZED_AUTOS = YES_AGGRESSIVE;
				GCC_WARN_UNUSED_FUNCTION = YES;
				GCC_WARN_UNUSED_VARIABLE = YES;
				MACOSX_DEPLOYMENT_TARGET = 10.14;
				MTL_ENABLE_DEBUG_INFO = NO;
				MTL_FAST_MATH = YES;
				SDKROOT = macosx;
			};
			name = Release;
		};
		18571119225BBE92005FBF02 /* Debug */ = {
			isa = XCBuildConfiguration;
			buildSettings = {
				CLANG_ENABLE_MODULES = NO;
				CODE_SIGN_STYLE = Automatic;
				DEVELOPMENT_TEAM = VNA56SZ59R;
				HEADER_SEARCH_PATHS = "/usr/local/include/**";
				LIBRARY_SEARCH_PATHS = (
					"/usr/local/lib/**",
					/usr/local/Cellar/glew/2.1.0/lib,
					/usr/local/Cellar/glfw/3.2.1/lib,
				);
				PRODUCT_NAME = "$(TARGET_NAME)";
			};
			name = Debug;
		};
		1857111A225BBE92005FBF02 /* Release */ = {
			isa = XCBuildConfiguration;
			buildSettings = {
				CLANG_ENABLE_MODULES = NO;
				CODE_SIGN_STYLE = Automatic;
				DEVELOPMENT_TEAM = VNA56SZ59R;
				HEADER_SEARCH_PATHS = "/usr/local/include/**";
				LIBRARY_SEARCH_PATHS = (
					"/usr/local/lib/**",
					/usr/local/Cellar/glew/2.1.0/lib,
					/usr/local/Cellar/glfw/3.2.1/lib,
				);
				PRODUCT_NAME = "$(TARGET_NAME)";
			};
			name = Release;
		};
/* End XCBuildConfiguration section */

/* Begin XCConfigurationList section */
		1857110C225BBE92005FBF02 /* Build configuration list for PBXProject "OpenGLtest1" */ = {
			isa = XCConfigurationList;
			buildConfigurations = (
				18571116225BBE92005FBF02 /* Debug */,
				18571117225BBE92005FBF02 /* Release */,
			);
			defaultConfigurationIsVisible = 0;
			defaultConfigurationName = Release;
		};
		18571118225BBE92005FBF02 /* Build configuration list for PBXNativeTarget "OpenGLtest1" */ = {
			isa = XCConfigurationList;
			buildConfigurations = (
				18571119225BBE92005FBF02 /* Debug */,
				1857111A225BBE92005FBF02 /* Release */,
			);
			defaultConfigurationIsVisible = 0;
			defaultConfigurationName = Release;
		};
/* End XCConfigurationList section */
	};
	rootObject = 18571109225BBE92005FBF02 /* Project object */;
}
